
Microsoft Visual Studio Solution File, Format Version 12.00
# Visual Studio 2013
VisualStudioVersion = 12.0.30501.0
MinimumVisualStudioVersion = 10.0.40219.1
Project("{FAE04EC0-301F-11D3-BF4B-00C04F79EFBC}") = "NResp.Client", "src\NResp.Client\NResp.Client.csproj", "{2EEF9B95-8AD6-4126-ADA0-315ED053F009}"
EndProject
Project("{FAE04EC0-301F-11D3-BF4B-00C04F79EFBC}") = "NResp.Client.Tests", "test\NResp.Client.Tests\NResp.Client.Tests.csproj", "{74082E28-1DB4-4B10-A779-385E28DF7239}"
EndProject
Project("{2150E333-8FDC-42A3-9474-1A3956D46DE8}") = "Solution Items", "Solution Items", "{E49259CE-F552-484D-A709-8965ABBA069A}"
	ProjectSection(SolutionItems) = preProject
		CodeAnalysisDictionary.xml = CodeAnalysisDictionary.xml
		NRedis.ruleset = NRedis.ruleset
		Settings.StyleCop = Settings.StyleCop
	EndProjectSection
EndProject
Project("{2150E333-8FDC-42A3-9474-1A3956D46DE8}") = ".nuget", ".nuget", "{E3257C62-5287-460E-97D9-F06CB9BAAA55}"
	ProjectSection(SolutionItems) = preProject
		.nuget\NuGet.Config = .nuget\NuGet.Config
		.nuget\NuGet.exe = .nuget\NuGet.exe
		.nuget\NuGet.targets = .nuget\NuGet.targets
		Runsettings.runsettings = Runsettings.runsettings
	EndProjectSection
EndProject
Global
	GlobalSection(SolutionConfigurationPlatforms) = preSolution
		Debug|Any CPU = Debug|Any CPU
		Release|Any CPU = Release|Any CPU
	EndGlobalSection
	GlobalSection(ProjectConfigurationPlatforms) = postSolution
		{2EEF9B95-8AD6-4126-ADA0-315ED053F009}.Debug|Any CPU.ActiveCfg = Debug|Any CPU
		{2EEF9B95-8AD6-4126-ADA0-315ED053F009}.Debug|Any CPU.Build.0 = Debug|Any CPU
		{2EEF9B95-8AD6-4126-ADA0-315ED053F009}.Release|Any CPU.ActiveCfg = Release|Any CPU
		{2EEF9B95-8AD6-4126-ADA0-315ED053F009}.Release|Any CPU.Build.0 = Release|Any CPU
		{74082E28-1DB4-4B10-A779-385E28DF7239}.Debug|Any CPU.ActiveCfg = Debug|Any CPU
		{74082E28-1DB4-4B10-A779-385E28DF7239}.Debug|Any CPU.Build.0 = Debug|Any CPU
		{74082E28-1DB4-4B10-A779-385E28DF7239}.Release|Any CPU.ActiveCfg = Release|Any CPU
		{74082E28-1DB4-4B10-A779-385E28DF7239}.Release|Any CPU.Build.0 = Release|Any CPU
	EndGlobalSection
	GlobalSection(SolutionProperties) = preSolution
		HideSolutionNode = FALSE
	EndGlobalSection
EndGlobal
